
Microsoft Visual Studio Solution File, Format Version 12.00
# Visual Studio Version 17
VisualStudioVersion = 17.4.33213.308
MinimumVisualStudioVersion = 10.0.40219.1
Project("{FAE04EC0-301F-11D3-BF4B-00C04F79EFBC}") = "CsharpEjercicio4", "CsharpEjercicio4\CsharpEjercicio4.csproj", "{01A1A9F1-C950-429E-B18D-921344F02429}"
EndProject
Global
	GlobalSection(SolutionConfigurationPlatforms) = preSolution
		Debug|Any CPU = Debug|Any CPU
		Release|Any CPU = Release|Any CPU
	EndGlobalSection
	GlobalSection(ProjectConfigurationPlatforms) = postSolution
		{01A1A9F1-C950-429E-B18D-921344F02429}.Debug|Any CPU.ActiveCfg = Debug|Any CPU
		{01A1A9F1-C950-429E-B18D-921344F02429}.Debug|Any CPU.Build.0 = Debug|Any CPU
		{01A1A9F1-C950-429E-B18D-921344F02429}.Release|Any CPU.ActiveCfg = Release|Any CPU
		{01A1A9F1-C950-429E-B18D-921344F02429}.Release|Any CPU.Build.0 = Release|Any CPU
	EndGlobalSection
	GlobalSection(SolutionProperties) = preSolution
		HideSolutionNode = FALSE
	EndGlobalSection
	GlobalSection(ExtensibilityGlobals) = postSolution
		SolutionGuid = {0C6CC1C0-338D-43C1-B550-E798061606EF}
	EndGlobalSection
EndGlobal
