
Microsoft Visual Studio Solution File, Format Version 12.00
# Visual Studio Version 17
VisualStudioVersion = 17.4.33213.308
MinimumVisualStudioVersion = 10.0.40219.1
Project("{FAE04EC0-301F-11D3-BF4B-00C04F79EFBC}") = "CsharpEjercicio8", "CsharpEjercicio8\CsharpEjercicio8.csproj", "{20987BAF-D4C0-47FD-A89A-A17F6501FE46}"
EndProject
Global
	GlobalSection(SolutionConfigurationPlatforms) = preSolution
		Debug|Any CPU = Debug|Any CPU
		Release|Any CPU = Release|Any CPU
	EndGlobalSection
	GlobalSection(ProjectConfigurationPlatforms) = postSolution
		{20987BAF-D4C0-47FD-A89A-A17F6501FE46}.Debug|Any CPU.ActiveCfg = Debug|Any CPU
		{20987BAF-D4C0-47FD-A89A-A17F6501FE46}.Debug|Any CPU.Build.0 = Debug|Any CPU
		{20987BAF-D4C0-47FD-A89A-A17F6501FE46}.Release|Any CPU.ActiveCfg = Release|Any CPU
		{20987BAF-D4C0-47FD-A89A-A17F6501FE46}.Release|Any CPU.Build.0 = Release|Any CPU
	EndGlobalSection
	GlobalSection(SolutionProperties) = preSolution
		HideSolutionNode = FALSE
	EndGlobalSection
	GlobalSection(ExtensibilityGlobals) = postSolution
		SolutionGuid = {C3DBC307-7536-4A9C-AAA4-5114E9AF9FA4}
	EndGlobalSection
EndGlobal
